
Microsoft Visual Studio Solution File, Format Version 12.00
# Visual Studio Version 17
VisualStudioVersion = 17.9.34622.214
MinimumVisualStudioVersion = 10.0.40219.1
Project("{2150E333-8FDC-42A3-9474-1A3956D46DE8}") = "Doc", "Doc", "{40879F3F-E6AA-41D5-87A2-E691ABDD946D}"
EndProject
Project("{2150E333-8FDC-42A3-9474-1A3956D46DE8}") = "Test", "Test", "{770E5DBD-95A8-4189-9F02-086498B86F4F}"
EndProject
Project("{2150E333-8FDC-42A3-9474-1A3956D46DE8}") = "Src", "Src", "{973FD9FD-F14C-4475-BAFA-C06538A5DD92}"
EndProject
Project("{2150E333-8FDC-42A3-9474-1A3956D46DE8}") = "Core", "Core", "{31D06070-DA18-489C-A8B8-1076A336F2E4}"
EndProject
Project("{9A19103F-16F7-4668-BE54-9A1E7A4F7556}") = "Talakado.Domain", "Talakado.Domain\Talakado.Domain.csproj", "{9F4D6379-1451-45C0-845A-FD54E43B0DCD}"
EndProject
Project("{9A19103F-16F7-4668-BE54-9A1E7A4F7556}") = "Talakado.Application", "Talakado.Application\Talakado.Application.csproj", "{4E8E7742-38F2-4C48-9CAA-2C8A61F7913A}"
EndProject
Project("{2150E333-8FDC-42A3-9474-1A3956D46DE8}") = "Infrastructures", "Infrastructures", "{C10EFBC0-FB87-4E9F-8A04-91296F8B3F45}"
EndProject
Project("{9A19103F-16F7-4668-BE54-9A1E7A4F7556}") = "Talakado.Infrastructure", "Talakado.Infrastructure\Talakado.Infrastructure.csproj", "{EDEE8B55-C8D7-4BCD-8433-BF92C09BC447}"
EndProject
Project("{9A19103F-16F7-4668-BE54-9A1E7A4F7556}") = "Talakado.Persistence", "Talakado.Persistence\Talakado.Persistence.csproj", "{A7E6DFAB-B173-4136-8160-058F60ACF880}"
EndProject
Project("{2150E333-8FDC-42A3-9474-1A3956D46DE8}") = "Presentation", "Presentation", "{AD5A4256-A034-4DFE-9D70-521D9520AA2D}"
EndProject
Project("{9A19103F-16F7-4668-BE54-9A1E7A4F7556}") = "Talakado.Web", "Talakado.Web\Talakado.Web.csproj", "{ED6AD795-8544-41E0-B606-CA440F2400BD}"
EndProject
Project("{9A19103F-16F7-4668-BE54-9A1E7A4F7556}") = "Talakado.AdminPanel", "Talakado.AdminPanel\Talakado.AdminPanel.csproj", "{DD4734F0-2B55-47BD-94C1-194401A53240}"
EndProject
Project("{2150E333-8FDC-42A3-9474-1A3956D46DE8}") = "Commons", "Commons", "{48E41254-2CCD-43CE-AC50-91E4C712F60E}"
EndProject
Project("{9A19103F-16F7-4668-BE54-9A1E7A4F7556}") = "Common", "Common\Common.csproj", "{BAC5F1BA-CB66-457F-BABF-0F0AB1B50CE6}"
EndProject
Project("{9A19103F-16F7-4668-BE54-9A1E7A4F7556}") = "Talakado.StaticFilesEndPoint", "Talakado.StaticFilesEndPoint\Talakado.StaticFilesEndPoint.csproj", "{C5A9FFF6-27E5-45FD-93A9-9EA9DC92DB94}"
EndProject
Project("{FAE04EC0-301F-11D3-BF4B-00C04F79EFBC}") = "UnitTest", "UnitTest\UnitTest.csproj", "{8563936C-DA88-4F96-A328-938C9BCA2878}"
EndProject
Project("{FAE04EC0-301F-11D3-BF4B-00C04F79EFBC}") = "Talakado.Api", "Talakado.Api\Talakado.Api.csproj", "{317E117F-F2F9-4FDE-8C6C-FACD78804EF1}"
EndProject
Global
	GlobalSection(SolutionConfigurationPlatforms) = preSolution
		Debug|Any CPU = Debug|Any CPU
		Release|Any CPU = Release|Any CPU
	EndGlobalSection
	GlobalSection(ProjectConfigurationPlatforms) = postSolution
		{9F4D6379-1451-45C0-845A-FD54E43B0DCD}.Debug|Any CPU.ActiveCfg = Debug|Any CPU
		{9F4D6379-1451-45C0-845A-FD54E43B0DCD}.Debug|Any CPU.Build.0 = Debug|Any CPU
		{9F4D6379-1451-45C0-845A-FD54E43B0DCD}.Release|Any CPU.ActiveCfg = Release|Any CPU
		{9F4D6379-1451-45C0-845A-FD54E43B0DCD}.Release|Any CPU.Build.0 = Release|Any CPU
		{4E8E7742-38F2-4C48-9CAA-2C8A61F7913A}.Debug|Any CPU.ActiveCfg = Debug|Any CPU
		{4E8E7742-38F2-4C48-9CAA-2C8A61F7913A}.Debug|Any CPU.Build.0 = Debug|Any CPU
		{4E8E7742-38F2-4C48-9CAA-2C8A61F7913A}.Release|Any CPU.ActiveCfg = Release|Any CPU
		{4E8E7742-38F2-4C48-9CAA-2C8A61F7913A}.Release|Any CPU.Build.0 = Release|Any CPU
		{EDEE8B55-C8D7-4BCD-8433-BF92C09BC447}.Debug|Any CPU.ActiveCfg = Debug|Any CPU
		{EDEE8B55-C8D7-4BCD-8433-BF92C09BC447}.Debug|Any CPU.Build.0 = Debug|Any CPU
		{EDEE8B55-C8D7-4BCD-8433-BF92C09BC447}.Release|Any CPU.ActiveCfg = Release|Any CPU
		{EDEE8B55-C8D7-4BCD-8433-BF92C09BC447}.Release|Any CPU.Build.0 = Release|Any CPU
		{A7E6DFAB-B173-4136-8160-058F60ACF880}.Debug|Any CPU.ActiveCfg = Debug|Any CPU
		{A7E6DFAB-B173-4136-8160-058F60ACF880}.Debug|Any CPU.Build.0 = Debug|Any CPU
		{A7E6DFAB-B173-4136-8160-058F60ACF880}.Release|Any CPU.ActiveCfg = Release|Any CPU
		{A7E6DFAB-B173-4136-8160-058F60ACF880}.Release|Any CPU.Build.0 = Release|Any CPU
		{ED6AD795-8544-41E0-B606-CA440F2400BD}.Debug|Any CPU.ActiveCfg = Debug|Any CPU
		{ED6AD795-8544-41E0-B606-CA440F2400BD}.Debug|Any CPU.Build.0 = Debug|Any CPU
		{ED6AD795-8544-41E0-B606-CA440F2400BD}.Release|Any CPU.ActiveCfg = Release|Any CPU
		{ED6AD795-8544-41E0-B606-CA440F2400BD}.Release|Any CPU.Build.0 = Release|Any CPU
		{DD4734F0-2B55-47BD-94C1-194401A53240}.Debug|Any CPU.ActiveCfg = Debug|Any CPU
		{DD4734F0-2B55-47BD-94C1-194401A53240}.Debug|Any CPU.Build.0 = Debug|Any CPU
		{DD4734F0-2B55-47BD-94C1-194401A53240}.Release|Any CPU.ActiveCfg = Release|Any CPU
		{DD4734F0-2B55-47BD-94C1-194401A53240}.Release|Any CPU.Build.0 = Release|Any CPU
		{BAC5F1BA-CB66-457F-BABF-0F0AB1B50CE6}.Debug|Any CPU.ActiveCfg = Debug|Any CPU
		{BAC5F1BA-CB66-457F-BABF-0F0AB1B50CE6}.Debug|Any CPU.Build.0 = Debug|Any CPU
		{BAC5F1BA-CB66-457F-BABF-0F0AB1B50CE6}.Release|Any CPU.ActiveCfg = Release|Any CPU
		{BAC5F1BA-CB66-457F-BABF-0F0AB1B50CE6}.Release|Any CPU.Build.0 = Release|Any CPU
		{C5A9FFF6-27E5-45FD-93A9-9EA9DC92DB94}.Debug|Any CPU.ActiveCfg = Debug|Any CPU
		{C5A9FFF6-27E5-45FD-93A9-9EA9DC92DB94}.Debug|Any CPU.Build.0 = Debug|Any CPU
		{C5A9FFF6-27E5-45FD-93A9-9EA9DC92DB94}.Release|Any CPU.ActiveCfg = Release|Any CPU
		{C5A9FFF6-27E5-45FD-93A9-9EA9DC92DB94}.Release|Any CPU.Build.0 = Release|Any CPU
		{317E117F-F2F9-4FDE-8C6C-FACD78804EF1}.Debug|Any CPU.ActiveCfg = Debug|Any CPU
		{317E117F-F2F9-4FDE-8C6C-FACD78804EF1}.Debug|Any CPU.Build.0 = Debug|Any CPU
		{317E117F-F2F9-4FDE-8C6C-FACD78804EF1}.Release|Any CPU.ActiveCfg = Release|Any CPU
		{317E117F-F2F9-4FDE-8C6C-FACD78804EF1}.Release|Any CPU.Build.0 = Release|Any CPU
		{8563936C-DA88-4F96-A328-938C9BCA2878}.Debug|Any CPU.ActiveCfg = Debug|Any CPU
		{8563936C-DA88-4F96-A328-938C9BCA2878}.Debug|Any CPU.Build.0 = Debug|Any CPU
		{8563936C-DA88-4F96-A328-938C9BCA2878}.Release|Any CPU.ActiveCfg = Release|Any CPU
		{8563936C-DA88-4F96-A328-938C9BCA2878}.Release|Any CPU.Build.0 = Release|Any CPU
	EndGlobalSection
	GlobalSection(SolutionProperties) = preSolution
		HideSolutionNode = FALSE
	EndGlobalSection
	GlobalSection(NestedProjects) = preSolution
		{31D06070-DA18-489C-A8B8-1076A336F2E4} = {973FD9FD-F14C-4475-BAFA-C06538A5DD92}
		{9F4D6379-1451-45C0-845A-FD54E43B0DCD} = {31D06070-DA18-489C-A8B8-1076A336F2E4}
		{4E8E7742-38F2-4C48-9CAA-2C8A61F7913A} = {31D06070-DA18-489C-A8B8-1076A336F2E4}
		{C10EFBC0-FB87-4E9F-8A04-91296F8B3F45} = {973FD9FD-F14C-4475-BAFA-C06538A5DD92}
		{EDEE8B55-C8D7-4BCD-8433-BF92C09BC447} = {C10EFBC0-FB87-4E9F-8A04-91296F8B3F45}
		{A7E6DFAB-B173-4136-8160-058F60ACF880} = {C10EFBC0-FB87-4E9F-8A04-91296F8B3F45}
		{AD5A4256-A034-4DFE-9D70-521D9520AA2D} = {973FD9FD-F14C-4475-BAFA-C06538A5DD92}
		{ED6AD795-8544-41E0-B606-CA440F2400BD} = {AD5A4256-A034-4DFE-9D70-521D9520AA2D}
		{DD4734F0-2B55-47BD-94C1-194401A53240} = {AD5A4256-A034-4DFE-9D70-521D9520AA2D}
		{48E41254-2CCD-43CE-AC50-91E4C712F60E} = {31D06070-DA18-489C-A8B8-1076A336F2E4}
		{BAC5F1BA-CB66-457F-BABF-0F0AB1B50CE6} = {48E41254-2CCD-43CE-AC50-91E4C712F60E}
		{C5A9FFF6-27E5-45FD-93A9-9EA9DC92DB94} = {AD5A4256-A034-4DFE-9D70-521D9520AA2D}
		{8563936C-DA88-4F96-A328-938C9BCA2878} = {770E5DBD-95A8-4189-9F02-086498B86F4F}
		{317E117F-F2F9-4FDE-8C6C-FACD78804EF1} = {AD5A4256-A034-4DFE-9D70-521D9520AA2D}
	EndGlobalSection
	GlobalSection(ExtensibilityGlobals) = postSolution
		SolutionGuid = {9C2F2DDC-47AE-4188-86A3-E5A532BA9E0F}
	EndGlobalSection
EndGlobal
